{
  "version": 4,
  "terraform_version": "0.15.2",
  "serial": 5,
  "lineage": "0d54759c-c1a3-2c12-e5cd-74f7b7b01ac0",
  "outputs": {
    "kubernetes_cluster_host": {
      "value": "104.196.5.231",
      "type": "string"
    },
    "kubernetes_cluster_name": {
      "value": "simplequeue-313020-gke",
      "type": "string"
    },
    "project_id": {
      "value": "simplequeue-313020",
      "type": "string"
    },
    "region": {
      "value": "us-east1",
      "type": "string"
    }
  },
  "resources": [
    {
      "mode": "managed",
      "type": "google_compute_network",
      "name": "vpc",
      "provider": "provider[\"registry.terraform.io/hashicorp/google\"]",
      "instances": [
        {
          "schema_version": 0,
          "attributes": {
            "auto_create_subnetworks": false,
            "delete_default_routes_on_create": false,
            "description": "",
            "gateway_ipv4": "",
            "id": "projects/simplequeue-313020/global/networks/simplequeue-313020-vpc",
            "mtu": 0,
            "name": "simplequeue-313020-vpc",
            "project": "simplequeue-313020",
            "routing_mode": "REGIONAL",
            "self_link": "https://www.googleapis.com/compute/v1/projects/simplequeue-313020/global/networks/simplequeue-313020-vpc",
            "timeouts": null
          },
          "sensitive_attributes": [],
          "private": "eyJlMmJmYjczMC1lY2FhLTExZTYtOGY4OC0zNDM2M2JjN2M0YzAiOnsiY3JlYXRlIjoyNDAwMDAwMDAwMDAsImRlbGV0ZSI6MjQwMDAwMDAwMDAwLCJ1cGRhdGUiOjI0MDAwMDAwMDAwMH19"
        }
      ]
    },
    {
      "mode": "managed",
      "type": "google_compute_subnetwork",
      "name": "subnet",
      "provider": "provider[\"registry.terraform.io/hashicorp/google\"]",
      "instances": [
        {
          "schema_version": 0,
          "attributes": {
            "creation_timestamp": "2021-05-09T11:10:50.636-07:00",
            "description": "",
            "fingerprint": null,
            "gateway_address": "10.10.0.1",
            "id": "projects/simplequeue-313020/regions/us-east1/subnetworks/simplequeue-313020-subnet",
            "ip_cidr_range": "10.10.0.0/24",
            "log_config": [],
            "name": "simplequeue-313020-subnet",
            "network": "https://www.googleapis.com/compute/v1/projects/simplequeue-313020/global/networks/simplequeue-313020-vpc",
            "private_ip_google_access": false,
            "private_ipv6_google_access": "DISABLE_GOOGLE_ACCESS",
            "project": "simplequeue-313020",
            "region": "us-east1",
            "secondary_ip_range": [],
            "self_link": "https://www.googleapis.com/compute/v1/projects/simplequeue-313020/regions/us-east1/subnetworks/simplequeue-313020-subnet",
            "timeouts": null
          },
          "sensitive_attributes": [],
          "private": "eyJlMmJmYjczMC1lY2FhLTExZTYtOGY4OC0zNDM2M2JjN2M0YzAiOnsiY3JlYXRlIjozNjAwMDAwMDAwMDAsImRlbGV0ZSI6MzYwMDAwMDAwMDAwLCJ1cGRhdGUiOjM2MDAwMDAwMDAwMH19",
          "dependencies": [
            "google_compute_network.vpc"
          ]
        }
      ]
    },
    {
      "mode": "managed",
      "type": "google_container_cluster",
      "name": "primary",
      "provider": "provider[\"registry.terraform.io/hashicorp/google\"]",
      "instances": [
        {
          "schema_version": 1,
          "attributes": {
            "addons_config": [
              {
                "cloudrun_config": [],
                "horizontal_pod_autoscaling": [],
                "http_load_balancing": [],
                "network_policy_config": [
                  {
                    "disabled": true
                  }
                ]
              }
            ],
            "authenticator_groups_config": [],
            "cluster_autoscaling": [
              {
                "auto_provisioning_defaults": [],
                "enabled": false,
                "resource_limits": []
              }
            ],
            "cluster_ipv4_cidr": "10.96.0.0/14",
            "database_encryption": [
              {
                "key_name": "",
                "state": "DECRYPTED"
              }
            ],
            "default_max_pods_per_node": null,
            "description": "",
            "enable_binary_authorization": false,
            "enable_intranode_visibility": null,
            "enable_kubernetes_alpha": false,
            "enable_legacy_abac": false,
            "enable_shielded_nodes": false,
            "enable_tpu": null,
            "endpoint": "104.196.5.231",
            "id": "projects/simplequeue-313020/locations/us-east1/clusters/simplequeue-313020-gke",
            "initial_node_count": 1,
            "instance_group_urls": [],
            "ip_allocation_policy": [],
            "label_fingerprint": "a9dc16a7",
            "location": "us-east1",
            "logging_service": "logging.googleapis.com/kubernetes",
            "maintenance_policy": [],
            "master_auth": [
              {
                "client_certificate": "",
                "client_certificate_config": [
                  {
                    "issue_client_certificate": false
                  }
                ],
                "client_key": "",
                "cluster_ca_certificate": "LS0tLS1CRUdJTiBDRVJUSUZJQ0FURS0tLS0tCk1JSURLakNDQWhLZ0F3SUJBZ0lRSjJURzhSQlpYcHRKSzRoR1hqM3BiVEFOQmdrcWhraUc5dzBCQVFzRkFEQXYKTVMwd0t3WURWUVFERXlSa1pXVmlZekZrTnkwNU1EWTJMVFE1TnpZdFlXUXpNaTAxWkRrM01UQmtZakEwWVRrdwpIaGNOTWpFd05UQTVNVGN4TVRFeVdoY05Nall3TlRBNE1UZ3hNVEV5V2pBdk1TMHdLd1lEVlFRREV5UmtaV1ZpCll6RmtOeTA1TURZMkxUUTVOell0WVdRek1pMDFaRGszTVRCa1lqQTBZVGt3Z2dFaU1BMEdDU3FHU0liM0RRRUIKQVFVQUE0SUJEd0F3Z2dFS0FvSUJBUUM5U05JVnZBemhyYmhNRFlIVmRTbGp3bmpwWXNDK2lQVG9SZFJMc2RwZAp1NnNRUWRLSFkzajl5V3Y1TnFjdjR6a3hPeVFHV1B2aGNkTGViZ1F0U2NrZmlGelNMejlsczNub3FRQkNtM1pNCit4NnZJWVpkdWswVGZYcmZaMHlLUlhiUnJHVnFrMDV3d3BnS0VXTmZaUE4xKzQzR1FIQ205OENGZFpTWDBTYVIKU0lXdXRxY29uQndnR1g1RnF0RTBoUjdxUG5EcW5iVkx3cU1hOCtWWGNsMVVIaFVMWEQzZE1oUDNxZm1ITEJKdApNRDZSell4ODk3Z3IyVkZLWEx4RHdPOTY2bU8yUTBQcUExdUdDZ0oyWDlWRXpmK2JSTEgxUWMyeUZ6dmZJRHR3CjF4bXM4UkdFeDNhbkkrQVR4VWZEVmMwS3hKQ1ZVT2czWmVINVRKSzNSTUt4QWdNQkFBR2pRakJBTUE0R0ExVWQKRHdFQi93UUVBd0lDQkRBUEJnTlZIUk1CQWY4RUJUQURBUUgvTUIwR0ExVWREZ1FXQkJRSVpKaDBaam5VVmNGeApGdGJzY3VHMVhkcElBekFOQmdrcWhraUc5dzBCQVFzRkFBT0NBUUVBRzdpeW5sS3p5Ti9KcmRQTTVTajZWMlBmCmxYWTJzMHo3SEhDVlBINS9ETHZLK0l2T1p4UkpnOEM1a0l5ZStnbGlMTmVsOHdreStUSEcxdVFoejVIYUZNUzAKOFgrRDl6Z1lSRkFuSG9xaW4xS3VjRTNFVjA5OWZpdjlseGJRcVFzQ3Y0VWhGbnVaRklQbFF1aXZXeVlhN0R3WQptUDZtajJPNFpPMHJ6ZWFrWW1mb0xCMkszU0x1SkxrOWszNkF6V2hBZUh1WnFFVmxadGlyR1IwbER1VklHZDB2CjBWaU9HbDBXeGwrTHJ4RnpweHBGd1FvSU9ndUJIVUw2Z3RrNlJuc1pwYkNoazdMSW9INkx4dlJiUFEwVkNVUzUKN09MRlZ1OGVUOURIYlk4M0EvbU5uRzhMdTVlSmtDS1V1Y0E0VUdpWDV6L2dJYlpZY0x3dXRYOG1OZFdDTWc9PQotLS0tLUVORCBDRVJUSUZJQ0FURS0tLS0tCg==",
                "password": "",
                "username": ""
              }
            ],
            "master_authorized_networks_config": [],
            "master_version": "1.18.17-gke.100",
            "min_master_version": null,
            "monitoring_service": "monitoring.googleapis.com/kubernetes",
            "name": "simplequeue-313020-gke",
            "network": "projects/simplequeue-313020/global/networks/simplequeue-313020-vpc",
            "network_policy": [
              {
                "enabled": false,
                "provider": "PROVIDER_UNSPECIFIED"
              }
            ],
            "node_config": [],
            "node_locations": [
              "us-east1-b",
              "us-east1-c",
              "us-east1-d"
            ],
            "node_pool": [],
            "node_version": "1.18.17-gke.100",
            "operation": null,
            "pod_security_policy_config": [],
            "private_cluster_config": [],
            "project": "simplequeue-313020",
            "release_channel": [
              {
                "channel": "REGULAR"
              }
            ],
            "remove_default_node_pool": true,
            "resource_labels": null,
            "resource_usage_export_config": [],
            "self_link": "https://container.googleapis.com/v1beta1/projects/simplequeue-313020/locations/us-east1/clusters/simplequeue-313020-gke",
            "services_ipv4_cidr": "10.99.240.0/20",
            "subnetwork": "projects/simplequeue-313020/regions/us-east1/subnetworks/simplequeue-313020-subnet",
            "timeouts": null,
            "vertical_pod_autoscaling": [],
            "workload_identity_config": []
          },
          "sensitive_attributes": [],
          "private": "eyJlMmJmYjczMC1lY2FhLTExZTYtOGY4OC0zNDM2M2JjN2M0YzAiOnsiY3JlYXRlIjoyNDAwMDAwMDAwMDAwLCJkZWxldGUiOjI0MDAwMDAwMDAwMDAsInJlYWQiOjI0MDAwMDAwMDAwMDAsInVwZGF0ZSI6MzYwMDAwMDAwMDAwMH0sInNjaGVtYV92ZXJzaW9uIjoiMSJ9",
          "dependencies": [
            "google_compute_network.vpc",
            "google_compute_subnetwork.subnet"
          ]
        }
      ]
    },
    {
      "mode": "managed",
      "type": "google_container_node_pool",
      "name": "primary_nodes",
      "provider": "provider[\"registry.terraform.io/hashicorp/google\"]",
      "instances": [
        {
          "schema_version": 1,
          "attributes": {
            "autoscaling": [],
            "cluster": "simplequeue-313020-gke",
            "id": "projects/simplequeue-313020/locations/us-east1/clusters/simplequeue-313020-gke/nodePools/simplequeue-313020-gke-node-pool",
            "initial_node_count": 1,
            "instance_group_urls": [
              "https://www.googleapis.com/compute/v1/projects/simplequeue-313020/zones/us-east1-d/instanceGroupManagers/gke-simplequeue-3130-simplequeue-3130-5b46690f-grp",
              "https://www.googleapis.com/compute/v1/projects/simplequeue-313020/zones/us-east1-c/instanceGroupManagers/gke-simplequeue-3130-simplequeue-3130-5b0a8d7a-grp",
              "https://www.googleapis.com/compute/v1/projects/simplequeue-313020/zones/us-east1-b/instanceGroupManagers/gke-simplequeue-3130-simplequeue-3130-1307b3bb-grp"
            ],
            "location": "us-east1",
            "management": [
              {
                "auto_repair": true,
                "auto_upgrade": true
              }
            ],
            "max_pods_per_node": null,
            "name": "simplequeue-313020-gke-node-pool",
            "name_prefix": "",
            "node_config": [
              {
                "disk_size_gb": 100,
                "disk_type": "pd-standard",
                "guest_accelerator": [],
                "image_type": "COS",
                "labels": {
                  "env": "simplequeue-313020"
                },
                "local_ssd_count": 0,
                "machine_type": "n1-standard-1",
                "metadata": {
                  "disable-legacy-endpoints": "true"
                },
                "min_cpu_platform": "",
                "oauth_scopes": [
                  "https://www.googleapis.com/auth/logging.write",
                  "https://www.googleapis.com/auth/monitoring"
                ],
                "preemptible": false,
                "service_account": "default",
                "shielded_instance_config": [
                  {
                    "enable_integrity_monitoring": true,
                    "enable_secure_boot": false
                  }
                ],
                "tags": [
                  "gke-node",
                  "simplequeue-313020-gke"
                ],
                "taint": [],
                "workload_metadata_config": []
              }
            ],
            "node_count": 1,
            "node_locations": [
              "us-east1-b",
              "us-east1-c",
              "us-east1-d"
            ],
            "project": "simplequeue-313020",
            "timeouts": null,
            "upgrade_settings": [
              {
                "max_surge": 1,
                "max_unavailable": 0
              }
            ],
            "version": "1.18.17-gke.100"
          },
          "sensitive_attributes": [],
          "private": "eyJlMmJmYjczMC1lY2FhLTExZTYtOGY4OC0zNDM2M2JjN2M0YzAiOnsiY3JlYXRlIjoxODAwMDAwMDAwMDAwLCJkZWxldGUiOjE4MDAwMDAwMDAwMDAsInVwZGF0ZSI6MTgwMDAwMDAwMDAwMH0sInNjaGVtYV92ZXJzaW9uIjoiMSJ9",
          "dependencies": [
            "google_compute_network.vpc",
            "google_compute_subnetwork.subnet",
            "google_container_cluster.primary"
          ]
        }
      ]
    }
  ]
}
